
Microsoft Visual Studio Solution File, Format Version 12.00
# Visual Studio Version 16
VisualStudioVersion = 16.0.30406.217
MinimumVisualStudioVersion = 10.0.40219.1
Project("{9A19103F-16F7-4668-BE54-9A1E7A4F7556}") = "EJ1", "EJ1\EJ1.csproj", "{21B30E14-2173-49E8-97EE-A083A792C88E}"
EndProject
Project("{9A19103F-16F7-4668-BE54-9A1E7A4F7556}") = "EJ2", "EJ2\EJ2.csproj", "{0E6FAAC1-17E5-49F1-9EC0-40F409EA7032}"
EndProject
Project("{9A19103F-16F7-4668-BE54-9A1E7A4F7556}") = "EJ3", "EJ3\EJ3.csproj", "{9E6EF217-BDFA-447D-A1DB-A6E1AE6F2153}"
EndProject
Project("{9A19103F-16F7-4668-BE54-9A1E7A4F7556}") = "EJ4", "EJ4\EJ4.csproj", "{1924416C-7F4E-4052-A5BB-6FDE4C06AFF0}"
EndProject
Project("{9A19103F-16F7-4668-BE54-9A1E7A4F7556}") = "EJ5", "EJ5\EJ5.csproj", "{FCDBC7DE-4E81-4ECB-A440-4A3758E1E382}"
EndProject
Project("{9A19103F-16F7-4668-BE54-9A1E7A4F7556}") = "EJ6", "EJ6\EJ6.csproj", "{5F11E787-51B8-4BAC-A31C-492E68023D53}"
EndProject
Project("{9A19103F-16F7-4668-BE54-9A1E7A4F7556}") = "EJ8", "EJ8\EJ8.csproj", "{09C281BB-A2B0-46FE-A93B-AD1F09E86965}"
EndProject
Project("{9A19103F-16F7-4668-BE54-9A1E7A4F7556}") = "EJ9", "EJ9\EJ9.csproj", "{936EFD1E-A474-4209-BA73-198BD631EF10}"
EndProject
Project("{9A19103F-16F7-4668-BE54-9A1E7A4F7556}") = "EJ10", "EJ10\EJ10.csproj", "{01131387-0B1D-4071-8149-E8270B0F1433}"
EndProject
Project("{9A19103F-16F7-4668-BE54-9A1E7A4F7556}") = "EJ7", "EJ7\EJ7.csproj", "{6DE6593F-4592-44B1-99BC-BFC9D23266B6}"
EndProject
Project("{9A19103F-16F7-4668-BE54-9A1E7A4F7556}") = "EJ11", "EJ11\EJ11.csproj", "{1BC2FA71-1868-42CF-9F9B-474C7D179E9F}"
EndProject
Project("{9A19103F-16F7-4668-BE54-9A1E7A4F7556}") = "EJ12", "EJ12\EJ12.csproj", "{B52583D0-93FD-43C7-8939-4762C543CDA2}"
EndProject
Project("{9A19103F-16F7-4668-BE54-9A1E7A4F7556}") = "EJ14", "EJ14\EJ14.csproj", "{E6BBC264-4832-41AE-9684-C5C8DEB6DFF5}"
EndProject
Project("{FAE04EC0-301F-11D3-BF4B-00C04F79EFBC}") = "EJ15", "EJ15\EJ15.csproj", "{F26E6D89-D4A4-4459-A6BB-2B93DC48A5D0}"
EndProject
Project("{FAE04EC0-301F-11D3-BF4B-00C04F79EFBC}") = "EJ16", "EJ16\EJ16.csproj", "{1A7DE8B4-F772-431D-905E-87B20962E1C8}"
EndProject
Project("{FAE04EC0-301F-11D3-BF4B-00C04F79EFBC}") = "EJ13", "EJ13\EJ13.csproj", "{AB2B766C-F03F-4E3C-8B91-620B0F260A94}"
EndProject
Global
	GlobalSection(SolutionConfigurationPlatforms) = preSolution
		Debug|Any CPU = Debug|Any CPU
		Release|Any CPU = Release|Any CPU
	EndGlobalSection
	GlobalSection(ProjectConfigurationPlatforms) = postSolution
		{21B30E14-2173-49E8-97EE-A083A792C88E}.Debug|Any CPU.ActiveCfg = Debug|Any CPU
		{21B30E14-2173-49E8-97EE-A083A792C88E}.Debug|Any CPU.Build.0 = Debug|Any CPU
		{21B30E14-2173-49E8-97EE-A083A792C88E}.Release|Any CPU.ActiveCfg = Release|Any CPU
		{21B30E14-2173-49E8-97EE-A083A792C88E}.Release|Any CPU.Build.0 = Release|Any CPU
		{0E6FAAC1-17E5-49F1-9EC0-40F409EA7032}.Debug|Any CPU.ActiveCfg = Debug|Any CPU
		{0E6FAAC1-17E5-49F1-9EC0-40F409EA7032}.Debug|Any CPU.Build.0 = Debug|Any CPU
		{0E6FAAC1-17E5-49F1-9EC0-40F409EA7032}.Release|Any CPU.ActiveCfg = Release|Any CPU
		{0E6FAAC1-17E5-49F1-9EC0-40F409EA7032}.Release|Any CPU.Build.0 = Release|Any CPU
		{9E6EF217-BDFA-447D-A1DB-A6E1AE6F2153}.Debug|Any CPU.ActiveCfg = Debug|Any CPU
		{9E6EF217-BDFA-447D-A1DB-A6E1AE6F2153}.Debug|Any CPU.Build.0 = Debug|Any CPU
		{9E6EF217-BDFA-447D-A1DB-A6E1AE6F2153}.Release|Any CPU.ActiveCfg = Release|Any CPU
		{9E6EF217-BDFA-447D-A1DB-A6E1AE6F2153}.Release|Any CPU.Build.0 = Release|Any CPU
		{1924416C-7F4E-4052-A5BB-6FDE4C06AFF0}.Debug|Any CPU.ActiveCfg = Debug|Any CPU
		{1924416C-7F4E-4052-A5BB-6FDE4C06AFF0}.Debug|Any CPU.Build.0 = Debug|Any CPU
		{1924416C-7F4E-4052-A5BB-6FDE4C06AFF0}.Release|Any CPU.ActiveCfg = Release|Any CPU
		{1924416C-7F4E-4052-A5BB-6FDE4C06AFF0}.Release|Any CPU.Build.0 = Release|Any CPU
		{FCDBC7DE-4E81-4ECB-A440-4A3758E1E382}.Debug|Any CPU.ActiveCfg = Debug|Any CPU
		{FCDBC7DE-4E81-4ECB-A440-4A3758E1E382}.Debug|Any CPU.Build.0 = Debug|Any CPU
		{FCDBC7DE-4E81-4ECB-A440-4A3758E1E382}.Release|Any CPU.ActiveCfg = Release|Any CPU
		{FCDBC7DE-4E81-4ECB-A440-4A3758E1E382}.Release|Any CPU.Build.0 = Release|Any CPU
		{5F11E787-51B8-4BAC-A31C-492E68023D53}.Debug|Any CPU.ActiveCfg = Debug|Any CPU
		{5F11E787-51B8-4BAC-A31C-492E68023D53}.Debug|Any CPU.Build.0 = Debug|Any CPU
		{5F11E787-51B8-4BAC-A31C-492E68023D53}.Release|Any CPU.ActiveCfg = Release|Any CPU
		{5F11E787-51B8-4BAC-A31C-492E68023D53}.Release|Any CPU.Build.0 = Release|Any CPU
		{09C281BB-A2B0-46FE-A93B-AD1F09E86965}.Debug|Any CPU.ActiveCfg = Debug|Any CPU
		{09C281BB-A2B0-46FE-A93B-AD1F09E86965}.Debug|Any CPU.Build.0 = Debug|Any CPU
		{09C281BB-A2B0-46FE-A93B-AD1F09E86965}.Release|Any CPU.ActiveCfg = Release|Any CPU
		{09C281BB-A2B0-46FE-A93B-AD1F09E86965}.Release|Any CPU.Build.0 = Release|Any CPU
		{936EFD1E-A474-4209-BA73-198BD631EF10}.Debug|Any CPU.ActiveCfg = Debug|Any CPU
		{936EFD1E-A474-4209-BA73-198BD631EF10}.Debug|Any CPU.Build.0 = Debug|Any CPU
		{936EFD1E-A474-4209-BA73-198BD631EF10}.Release|Any CPU.ActiveCfg = Release|Any CPU
		{936EFD1E-A474-4209-BA73-198BD631EF10}.Release|Any CPU.Build.0 = Release|Any CPU
		{01131387-0B1D-4071-8149-E8270B0F1433}.Debug|Any CPU.ActiveCfg = Debug|Any CPU
		{01131387-0B1D-4071-8149-E8270B0F1433}.Debug|Any CPU.Build.0 = Debug|Any CPU
		{01131387-0B1D-4071-8149-E8270B0F1433}.Release|Any CPU.ActiveCfg = Release|Any CPU
		{01131387-0B1D-4071-8149-E8270B0F1433}.Release|Any CPU.Build.0 = Release|Any CPU
		{6DE6593F-4592-44B1-99BC-BFC9D23266B6}.Debug|Any CPU.ActiveCfg = Debug|Any CPU
		{6DE6593F-4592-44B1-99BC-BFC9D23266B6}.Debug|Any CPU.Build.0 = Debug|Any CPU
		{6DE6593F-4592-44B1-99BC-BFC9D23266B6}.Release|Any CPU.ActiveCfg = Release|Any CPU
		{6DE6593F-4592-44B1-99BC-BFC9D23266B6}.Release|Any CPU.Build.0 = Release|Any CPU
		{1BC2FA71-1868-42CF-9F9B-474C7D179E9F}.Debug|Any CPU.ActiveCfg = Debug|Any CPU
		{1BC2FA71-1868-42CF-9F9B-474C7D179E9F}.Debug|Any CPU.Build.0 = Debug|Any CPU
		{1BC2FA71-1868-42CF-9F9B-474C7D179E9F}.Release|Any CPU.ActiveCfg = Release|Any CPU
		{1BC2FA71-1868-42CF-9F9B-474C7D179E9F}.Release|Any CPU.Build.0 = Release|Any CPU
		{B52583D0-93FD-43C7-8939-4762C543CDA2}.Debug|Any CPU.ActiveCfg = Debug|Any CPU
		{B52583D0-93FD-43C7-8939-4762C543CDA2}.Debug|Any CPU.Build.0 = Debug|Any CPU
		{B52583D0-93FD-43C7-8939-4762C543CDA2}.Release|Any CPU.ActiveCfg = Release|Any CPU
		{B52583D0-93FD-43C7-8939-4762C543CDA2}.Release|Any CPU.Build.0 = Release|Any CPU
		{E6BBC264-4832-41AE-9684-C5C8DEB6DFF5}.Debug|Any CPU.ActiveCfg = Debug|Any CPU
		{E6BBC264-4832-41AE-9684-C5C8DEB6DFF5}.Debug|Any CPU.Build.0 = Debug|Any CPU
		{E6BBC264-4832-41AE-9684-C5C8DEB6DFF5}.Release|Any CPU.ActiveCfg = Release|Any CPU
		{E6BBC264-4832-41AE-9684-C5C8DEB6DFF5}.Release|Any CPU.Build.0 = Release|Any CPU
		{F26E6D89-D4A4-4459-A6BB-2B93DC48A5D0}.Debug|Any CPU.ActiveCfg = Debug|Any CPU
		{F26E6D89-D4A4-4459-A6BB-2B93DC48A5D0}.Debug|Any CPU.Build.0 = Debug|Any CPU
		{F26E6D89-D4A4-4459-A6BB-2B93DC48A5D0}.Release|Any CPU.ActiveCfg = Release|Any CPU
		{F26E6D89-D4A4-4459-A6BB-2B93DC48A5D0}.Release|Any CPU.Build.0 = Release|Any CPU
		{1A7DE8B4-F772-431D-905E-87B20962E1C8}.Debug|Any CPU.ActiveCfg = Debug|Any CPU
		{1A7DE8B4-F772-431D-905E-87B20962E1C8}.Debug|Any CPU.Build.0 = Debug|Any CPU
		{1A7DE8B4-F772-431D-905E-87B20962E1C8}.Release|Any CPU.ActiveCfg = Release|Any CPU
		{1A7DE8B4-F772-431D-905E-87B20962E1C8}.Release|Any CPU.Build.0 = Release|Any CPU
		{AB2B766C-F03F-4E3C-8B91-620B0F260A94}.Debug|Any CPU.ActiveCfg = Debug|Any CPU
		{AB2B766C-F03F-4E3C-8B91-620B0F260A94}.Debug|Any CPU.Build.0 = Debug|Any CPU
		{AB2B766C-F03F-4E3C-8B91-620B0F260A94}.Release|Any CPU.ActiveCfg = Release|Any CPU
		{AB2B766C-F03F-4E3C-8B91-620B0F260A94}.Release|Any CPU.Build.0 = Release|Any CPU
	EndGlobalSection
	GlobalSection(SolutionProperties) = preSolution
		HideSolutionNode = FALSE
	EndGlobalSection
	GlobalSection(ExtensibilityGlobals) = postSolution
		SolutionGuid = {E5D375F9-EC02-46F7-BEF5-DFDF517F0742}
	EndGlobalSection
EndGlobal
